{
  "name": "2020",
  "version": "1.0.0",
  "lockfileVersion": 1,
  "requires": true,
  "dependencies": {
    "lodash": {
      "version": "4.17.20",
      "resolved": "https://registry.npmjs.org/lodash/-/lodash-4.17.20.tgz",
      "integrity": "sha512-PlhdFcillOINfeV7Ni6oF1TAEayyZBoZ8bcshTHqOYJYlrqzRK5hagpagky5o4HfCzzd1TRkXPMFq6cKk9rGmA=="
    },
    "lodash.combinations": {
      "version": "18.10.0",
      "resolved": "https://registry.npmjs.org/lodash.combinations/-/lodash.combinations-18.10.0.tgz",
      "integrity": "sha512-r4dZ+29r4KfFaih2W+dAUZXYEI6YSMHTaplM7Int08p4/X4j3hxZRMfzvOHCnTGGEeYFeEHZA3K8p3/S0cSS1Q=="
    },
    "lodash.multicombinations": {
      "version": "1.0.0",
      "resolved": "https://registry.npmjs.org/lodash.multicombinations/-/lodash.multicombinations-1.0.0.tgz",
      "integrity": "sha512-KtjTgWvdOsBhRPjdztt2tCa57lALYzw5ZfVEuE3cZkq5oCL/j9WgImVM+NaCuHCRpWuBZxNejq0v8mvxaUe4tQ=="
    },
    "lodash.multipermutations": {
      "version": "1.0.0",
      "resolved": "https://registry.npmjs.org/lodash.multipermutations/-/lodash.multipermutations-1.0.0.tgz",
      "integrity": "sha512-xunUdVqQCcSoCkfxNVMVBed4wsg/G7Nm1tcBc13mT/q6C6yeqt2Ml9dxioJva+qhpi3+jMpFnJoOzsUp5MGDlg=="
    },
    "lodash.permutations": {
      "version": "1.0.0",
      "resolved": "https://registry.npmjs.org/lodash.permutations/-/lodash.permutations-1.0.0.tgz",
      "integrity": "sha512-0hFwfPb1V63YefDRGyR3iLDwdOEiNwxb1E3QQfGfytwha9wxb8ZRI1TrIAUPBG/GRGs51ctYvsNWrp+slXC9pw=="
    },
    "lodash.product": {
      "version": "18.9.19",
      "resolved": "https://registry.npmjs.org/lodash.product/-/lodash.product-18.9.19.tgz",
      "integrity": "sha512-yPX6KO0jveBR/DjSngqvUEynWTb4oJwB8g5WseShPzX0CO8pjX1gxlR5Fo7V3E81uPDc9mEuNVw3Ah6df9uy0g=="
    }
  }
}
